
Microsoft Visual Studio Solution File, Format Version 12.00
# Visual Studio Version 16
VisualStudioVersion = 16.0.30907.101
MinimumVisualStudioVersion = 10.0.40219.1
Project("{888888A0-9F3D-457C-B088-3A5042F75D52}") = "Game", "Game.pyproj", "{B2080E0A-D0FE-4486-A833-C344B5F9BEE5}"
EndProject
Global
	GlobalSection(SolutionConfigurationPlatforms) = preSolution
		Debug|Any CPU = Debug|Any CPU
		Release|Any CPU = Release|Any CPU
	EndGlobalSection
	GlobalSection(ProjectConfigurationPlatforms) = postSolution
		{B2080E0A-D0FE-4486-A833-C344B5F9BEE5}.Debug|Any CPU.ActiveCfg = Debug|Any CPU
		{B2080E0A-D0FE-4486-A833-C344B5F9BEE5}.Release|Any CPU.ActiveCfg = Release|Any CPU
	EndGlobalSection
	GlobalSection(SolutionProperties) = preSolution
		HideSolutionNode = FALSE
	EndGlobalSection
	GlobalSection(ExtensibilityGlobals) = postSolution
		SolutionGuid = {876F7C1E-5E73-42CD-A930-2F5E2BD531D7}
	EndGlobalSection
EndGlobal
